
Microsoft Visual Studio Solution File, Format Version 12.00
# Visual Studio Version 17
VisualStudioVersion = 17.8.34322.80
MinimumVisualStudioVersion = 10.0.40219.1
Project("{FAE04EC0-301F-11D3-BF4B-00C04F79EFBC}") = "IkiliAramaAgaciUygulama", "IkiliAramaAgaciUygulama\IkiliAramaAgaciUygulama.csproj", "{AD8D1408-8CFF-4664-B1A6-42EA1179EEA2}"
EndProject
Global
	GlobalSection(SolutionConfigurationPlatforms) = preSolution
		Debug|Any CPU = Debug|Any CPU
		Release|Any CPU = Release|Any CPU
	EndGlobalSection
	GlobalSection(ProjectConfigurationPlatforms) = postSolution
		{AD8D1408-8CFF-4664-B1A6-42EA1179EEA2}.Debug|Any CPU.ActiveCfg = Debug|Any CPU
		{AD8D1408-8CFF-4664-B1A6-42EA1179EEA2}.Debug|Any CPU.Build.0 = Debug|Any CPU
		{AD8D1408-8CFF-4664-B1A6-42EA1179EEA2}.Release|Any CPU.ActiveCfg = Release|Any CPU
		{AD8D1408-8CFF-4664-B1A6-42EA1179EEA2}.Release|Any CPU.Build.0 = Release|Any CPU
	EndGlobalSection
	GlobalSection(SolutionProperties) = preSolution
		HideSolutionNode = FALSE
	EndGlobalSection
	GlobalSection(ExtensibilityGlobals) = postSolution
		SolutionGuid = {7F2BA85A-55A3-4304-84B1-166998BB7B37}
	EndGlobalSection
EndGlobal
